
Microsoft Visual Studio Solution File, Format Version 12.00
# Visual Studio Version 17
VisualStudioVersion = 17.10.35201.131
MinimumVisualStudioVersion = 10.0.40219.1
Project("{9A19103F-16F7-4668-BE54-9A1E7A4F7556}") = "WEBTOON", "WEBTOON.csproj", "{EE5B2137-D1DF-458B-A1FA-EFF371C0A63C}"
EndProject
Project("{2150E333-8FDC-42A3-9474-1A3956D46DE8}") = "Solution Items", "Solution Items", "{1603A737-0987-43C1-AA7B-971769B63AD0}"
EndProject
Global
	GlobalSection(SolutionConfigurationPlatforms) = preSolution
		Debug|Any CPU = Debug|Any CPU
		Release|Any CPU = Release|Any CPU
	EndGlobalSection
	GlobalSection(ProjectConfigurationPlatforms) = postSolution
		{EE5B2137-D1DF-458B-A1FA-EFF371C0A63C}.Debug|Any CPU.ActiveCfg = Debug|Any CPU
		{EE5B2137-D1DF-458B-A1FA-EFF371C0A63C}.Debug|Any CPU.Build.0 = Debug|Any CPU
		{EE5B2137-D1DF-458B-A1FA-EFF371C0A63C}.Release|Any CPU.ActiveCfg = Release|Any CPU
		{EE5B2137-D1DF-458B-A1FA-EFF371C0A63C}.Release|Any CPU.Build.0 = Release|Any CPU
	EndGlobalSection
	GlobalSection(SolutionProperties) = preSolution
		HideSolutionNode = FALSE
	EndGlobalSection
	GlobalSection(ExtensibilityGlobals) = postSolution
		SolutionGuid = {40BDD9E5-03BB-4C28-8888-C61EE8C7665D}
	EndGlobalSection
EndGlobal
